
Microsoft Visual Studio Solution File, Format Version 12.00
# Visual Studio Version 17
VisualStudioVersion = 17.11.35312.102
MinimumVisualStudioVersion = 10.0.40219.1
Project("{9A19103F-16F7-4668-BE54-9A1E7A4F7556}") = "BACKEND", "BACKEND.csproj", "{4925306F-8149-4DFC-BABB-01A6A699F9B9}"
EndProject
Global
	GlobalSection(SolutionConfigurationPlatforms) = preSolution
		Debug|Any CPU = Debug|Any CPU
		Release|Any CPU = Release|Any CPU
	EndGlobalSection
	GlobalSection(ProjectConfigurationPlatforms) = postSolution
		{4925306F-8149-4DFC-BABB-01A6A699F9B9}.Debug|Any CPU.ActiveCfg = Debug|Any CPU
		{4925306F-8149-4DFC-BABB-01A6A699F9B9}.Debug|Any CPU.Build.0 = Debug|Any CPU
		{4925306F-8149-4DFC-BABB-01A6A699F9B9}.Release|Any CPU.ActiveCfg = Release|Any CPU
		{4925306F-8149-4DFC-BABB-01A6A699F9B9}.Release|Any CPU.Build.0 = Release|Any CPU
	EndGlobalSection
	GlobalSection(SolutionProperties) = preSolution
		HideSolutionNode = FALSE
	EndGlobalSection
	GlobalSection(ExtensibilityGlobals) = postSolution
		SolutionGuid = {8EED8748-3E88-48A3-86A6-5FD10A3B831E}
	EndGlobalSection
EndGlobal
